
Microsoft Visual Studio Solution File, Format Version 12.00
# Visual Studio 15
VisualStudioVersion = 15.0.28307.329
MinimumVisualStudioVersion = 10.0.40219.1
Project("{FAE04EC0-301F-11D3-BF4B-00C04F79EFBC}") = "Proyecto.Android", "Proyecto\Proyecto.Android\Proyecto.Android.csproj", "{9125927C-25D8-4AF7-B021-9E24A586BAD9}"
EndProject
Project("{FAE04EC0-301F-11D3-BF4B-00C04F79EFBC}") = "Proyecto.iOS", "Proyecto\Proyecto.iOS\Proyecto.iOS.csproj", "{B5CB3C27-CD10-4F75-B14A-D5B7D4293614}"
EndProject
Project("{FAE04EC0-301F-11D3-BF4B-00C04F79EFBC}") = "Proyecto.UWP", "Proyecto\Proyecto.UWP\Proyecto.UWP.csproj", "{37B51413-B9D8-4668-A9FB-0C24441FE0A7}"
EndProject
Project("{FAE04EC0-301F-11D3-BF4B-00C04F79EFBC}") = "Proyecto", "Proyecto\Proyecto\Proyecto.csproj", "{2F821F76-2B04-4B7F-A93E-71431C8F5EB1}"
EndProject
Global
	GlobalSection(SolutionConfigurationPlatforms) = preSolution
		Ad-Hoc|Any CPU = Ad-Hoc|Any CPU
		Ad-Hoc|ARM = Ad-Hoc|ARM
		Ad-Hoc|iPhone = Ad-Hoc|iPhone
		Ad-Hoc|iPhoneSimulator = Ad-Hoc|iPhoneSimulator
		Ad-Hoc|x64 = Ad-Hoc|x64
		Ad-Hoc|x86 = Ad-Hoc|x86
		AppStore|Any CPU = AppStore|Any CPU
		AppStore|ARM = AppStore|ARM
		AppStore|iPhone = AppStore|iPhone
		AppStore|iPhoneSimulator = AppStore|iPhoneSimulator
		AppStore|x64 = AppStore|x64
		AppStore|x86 = AppStore|x86
		Debug|Any CPU = Debug|Any CPU
		Debug|ARM = Debug|ARM
		Debug|iPhone = Debug|iPhone
		Debug|iPhoneSimulator = Debug|iPhoneSimulator
		Debug|x64 = Debug|x64
		Debug|x86 = Debug|x86
		Release|Any CPU = Release|Any CPU
		Release|ARM = Release|ARM
		Release|iPhone = Release|iPhone
		Release|iPhoneSimulator = Release|iPhoneSimulator
		Release|x64 = Release|x64
		Release|x86 = Release|x86
	EndGlobalSection
	GlobalSection(ProjectConfigurationPlatforms) = postSolution
		{9125927C-25D8-4AF7-B021-9E24A586BAD9}.Ad-Hoc|Any CPU.ActiveCfg = Release|Any CPU
		{9125927C-25D8-4AF7-B021-9E24A586BAD9}.Ad-Hoc|Any CPU.Build.0 = Release|Any CPU
		{9125927C-25D8-4AF7-B021-9E24A586BAD9}.Ad-Hoc|Any CPU.Deploy.0 = Release|Any CPU
		{9125927C-25D8-4AF7-B021-9E24A586BAD9}.Ad-Hoc|ARM.ActiveCfg = Release|Any CPU
		{9125927C-25D8-4AF7-B021-9E24A586BAD9}.Ad-Hoc|ARM.Build.0 = Release|Any CPU
		{9125927C-25D8-4AF7-B021-9E24A586BAD9}.Ad-Hoc|ARM.Deploy.0 = Release|Any CPU
		{9125927C-25D8-4AF7-B021-9E24A586BAD9}.Ad-Hoc|iPhone.ActiveCfg = Release|Any CPU
		{9125927C-25D8-4AF7-B021-9E24A586BAD9}.Ad-Hoc|iPhone.Build.0 = Release|Any CPU
		{9125927C-25D8-4AF7-B021-9E24A586BAD9}.Ad-Hoc|iPhone.Deploy.0 = Release|Any CPU
		{9125927C-25D8-4AF7-B021-9E24A586BAD9}.Ad-Hoc|iPhoneSimulator.ActiveCfg = Release|Any CPU
		{9125927C-25D8-4AF7-B021-9E24A586BAD9}.Ad-Hoc|iPhoneSimulator.Build.0 = Release|Any CPU
		{9125927C-25D8-4AF7-B021-9E24A586BAD9}.Ad-Hoc|iPhoneSimulator.Deploy.0 = Release|Any CPU
		{9125927C-25D8-4AF7-B021-9E24A586BAD9}.Ad-Hoc|x64.ActiveCfg = Release|Any CPU
		{9125927C-25D8-4AF7-B021-9E24A586BAD9}.Ad-Hoc|x64.Build.0 = Release|Any CPU
		{9125927C-25D8-4AF7-B021-9E24A586BAD9}.Ad-Hoc|x64.Deploy.0 = Release|Any CPU
		{9125927C-25D8-4AF7-B021-9E24A586BAD9}.Ad-Hoc|x86.ActiveCfg = Release|Any CPU
		{9125927C-25D8-4AF7-B021-9E24A586BAD9}.Ad-Hoc|x86.Build.0 = Release|Any CPU
		{9125927C-25D8-4AF7-B021-9E24A586BAD9}.Ad-Hoc|x86.Deploy.0 = Release|Any CPU
		{9125927C-25D8-4AF7-B021-9E24A586BAD9}.AppStore|Any CPU.ActiveCfg = Release|Any CPU
		{9125927C-25D8-4AF7-B021-9E24A586BAD9}.AppStore|Any CPU.Build.0 = Release|Any CPU
		{9125927C-25D8-4AF7-B021-9E24A586BAD9}.AppStore|Any CPU.Deploy.0 = Release|Any CPU
		{9125927C-25D8-4AF7-B021-9E24A586BAD9}.AppStore|ARM.ActiveCfg = Release|Any CPU
		{9125927C-25D8-4AF7-B021-9E24A586BAD9}.AppStore|ARM.Build.0 = Release|Any CPU
		{9125927C-25D8-4AF7-B021-9E24A586BAD9}.AppStore|ARM.Deploy.0 = Release|Any CPU
		{9125927C-25D8-4AF7-B021-9E24A586BAD9}.AppStore|iPhone.ActiveCfg = Release|Any CPU
		{9125927C-25D8-4AF7-B021-9E24A586BAD9}.AppStore|iPhone.Build.0 = Release|Any CPU
		{9125927C-25D8-4AF7-B021-9E24A586BAD9}.AppStore|iPhone.Deploy.0 = Release|Any CPU
		{9125927C-25D8-4AF7-B021-9E24A586BAD9}.AppStore|iPhoneSimulator.ActiveCfg = Release|Any CPU
		{9125927C-25D8-4AF7-B021-9E24A586BAD9}.AppStore|iPhoneSimulator.Build.0 = Release|Any CPU
		{9125927C-25D8-4AF7-B021-9E24A586BAD9}.AppStore|iPhoneSimulator.Deploy.0 = Release|Any CPU
		{9125927C-25D8-4AF7-B021-9E24A586BAD9}.AppStore|x64.ActiveCfg = Release|Any CPU
		{9125927C-25D8-4AF7-B021-9E24A586BAD9}.AppStore|x64.Build.0 = Release|Any CPU
		{9125927C-25D8-4AF7-B021-9E24A586BAD9}.AppStore|x64.Deploy.0 = Release|Any CPU
		{9125927C-25D8-4AF7-B021-9E24A586BAD9}.AppStore|x86.ActiveCfg = Release|Any CPU
		{9125927C-25D8-4AF7-B021-9E24A586BAD9}.AppStore|x86.Build.0 = Release|Any CPU
		{9125927C-25D8-4AF7-B021-9E24A586BAD9}.AppStore|x86.Deploy.0 = Release|Any CPU
		{9125927C-25D8-4AF7-B021-9E24A586BAD9}.Debug|Any CPU.ActiveCfg = Debug|Any CPU
		{9125927C-25D8-4AF7-B021-9E24A586BAD9}.Debug|Any CPU.Build.0 = Debug|Any CPU
		{9125927C-25D8-4AF7-B021-9E24A586BAD9}.Debug|Any CPU.Deploy.0 = Debug|Any CPU
		{9125927C-25D8-4AF7-B021-9E24A586BAD9}.Debug|ARM.ActiveCfg = Debug|Any CPU
		{9125927C-25D8-4AF7-B021-9E24A586BAD9}.Debug|ARM.Build.0 = Debug|Any CPU
		{9125927C-25D8-4AF7-B021-9E24A586BAD9}.Debug|ARM.Deploy.0 = Debug|Any CPU
		{9125927C-25D8-4AF7-B021-9E24A586BAD9}.Debug|iPhone.ActiveCfg = Debug|Any CPU
		{9125927C-25D8-4AF7-B021-9E24A586BAD9}.Debug|iPhone.Build.0 = Debug|Any CPU
		{9125927C-25D8-4AF7-B021-9E24A586BAD9}.Debug|iPhone.Deploy.0 = Debug|Any CPU
		{9125927C-25D8-4AF7-B021-9E24A586BAD9}.Debug|iPhoneSimulator.ActiveCfg = Debug|Any CPU
		{9125927C-25D8-4AF7-B021-9E24A586BAD9}.Debug|iPhoneSimulator.Build.0 = Debug|Any CPU
		{9125927C-25D8-4AF7-B021-9E24A586BAD9}.Debug|iPhoneSimulator.Deploy.0 = Debug|Any CPU
		{9125927C-25D8-4AF7-B021-9E24A586BAD9}.Debug|x64.ActiveCfg = Debug|Any CPU
		{9125927C-25D8-4AF7-B021-9E24A586BAD9}.Debug|x64.Build.0 = Debug|Any CPU
		{9125927C-25D8-4AF7-B021-9E24A586BAD9}.Debug|x64.Deploy.0 = Debug|Any CPU
		{9125927C-25D8-4AF7-B021-9E24A586BAD9}.Debug|x86.ActiveCfg = Debug|Any CPU
		{9125927C-25D8-4AF7-B021-9E24A586BAD9}.Debug|x86.Build.0 = Debug|Any CPU
		{9125927C-25D8-4AF7-B021-9E24A586BAD9}.Debug|x86.Deploy.0 = Debug|Any CPU
		{9125927C-25D8-4AF7-B021-9E24A586BAD9}.Release|Any CPU.ActiveCfg = Release|Any CPU
		{9125927C-25D8-4AF7-B021-9E24A586BAD9}.Release|Any CPU.Build.0 = Release|Any CPU
		{9125927C-25D8-4AF7-B021-9E24A586BAD9}.Release|Any CPU.Deploy.0 = Release|Any CPU
		{9125927C-25D8-4AF7-B021-9E24A586BAD9}.Release|ARM.ActiveCfg = Release|Any CPU
		{9125927C-25D8-4AF7-B021-9E24A586BAD9}.Release|ARM.Build.0 = Release|Any CPU
		{9125927C-25D8-4AF7-B021-9E24A586BAD9}.Release|ARM.Deploy.0 = Release|Any CPU
		{9125927C-25D8-4AF7-B021-9E24A586BAD9}.Release|iPhone.ActiveCfg = Release|Any CPU
		{9125927C-25D8-4AF7-B021-9E24A586BAD9}.Release|iPhone.Build.0 = Release|Any CPU
		{9125927C-25D8-4AF7-B021-9E24A586BAD9}.Release|iPhone.Deploy.0 = Release|Any CPU
		{9125927C-25D8-4AF7-B021-9E24A586BAD9}.Release|iPhoneSimulator.ActiveCfg = Release|Any CPU
		{9125927C-25D8-4AF7-B021-9E24A586BAD9}.Release|iPhoneSimulator.Build.0 = Release|Any CPU
		{9125927C-25D8-4AF7-B021-9E24A586BAD9}.Release|iPhoneSimulator.Deploy.0 = Release|Any CPU
		{9125927C-25D8-4AF7-B021-9E24A586BAD9}.Release|x64.ActiveCfg = Release|Any CPU
		{9125927C-25D8-4AF7-B021-9E24A586BAD9}.Release|x64.Build.0 = Release|Any CPU
		{9125927C-25D8-4AF7-B021-9E24A586BAD9}.Release|x64.Deploy.0 = Release|Any CPU
		{9125927C-25D8-4AF7-B021-9E24A586BAD9}.Release|x86.ActiveCfg = Release|Any CPU
		{9125927C-25D8-4AF7-B021-9E24A586BAD9}.Release|x86.Build.0 = Release|Any CPU
		{9125927C-25D8-4AF7-B021-9E24A586BAD9}.Release|x86.Deploy.0 = Release|Any CPU
		{B5CB3C27-CD10-4F75-B14A-D5B7D4293614}.Ad-Hoc|Any CPU.ActiveCfg = Ad-Hoc|iPhone
		{B5CB3C27-CD10-4F75-B14A-D5B7D4293614}.Ad-Hoc|Any CPU.Build.0 = Ad-Hoc|iPhone
		{B5CB3C27-CD10-4F75-B14A-D5B7D4293614}.Ad-Hoc|Any CPU.Deploy.0 = Ad-Hoc|iPhone
		{B5CB3C27-CD10-4F75-B14A-D5B7D4293614}.Ad-Hoc|ARM.ActiveCfg = Ad-Hoc|iPhone
		{B5CB3C27-CD10-4F75-B14A-D5B7D4293614}.Ad-Hoc|ARM.Build.0 = Ad-Hoc|iPhone
		{B5CB3C27-CD10-4F75-B14A-D5B7D4293614}.Ad-Hoc|ARM.Deploy.0 = Ad-Hoc|iPhone
		{B5CB3C27-CD10-4F75-B14A-D5B7D4293614}.Ad-Hoc|iPhone.ActiveCfg = Ad-Hoc|iPhone
		{B5CB3C27-CD10-4F75-B14A-D5B7D4293614}.Ad-Hoc|iPhone.Build.0 = Ad-Hoc|iPhone
		{B5CB3C27-CD10-4F75-B14A-D5B7D4293614}.Ad-Hoc|iPhone.Deploy.0 = Ad-Hoc|iPhone
		{B5CB3C27-CD10-4F75-B14A-D5B7D4293614}.Ad-Hoc|iPhoneSimulator.ActiveCfg = Ad-Hoc|iPhoneSimulator
		{B5CB3C27-CD10-4F75-B14A-D5B7D4293614}.Ad-Hoc|iPhoneSimulator.Build.0 = Ad-Hoc|iPhoneSimulator
		{B5CB3C27-CD10-4F75-B14A-D5B7D4293614}.Ad-Hoc|iPhoneSimulator.Deploy.0 = Ad-Hoc|iPhoneSimulator
		{B5CB3C27-CD10-4F75-B14A-D5B7D4293614}.Ad-Hoc|x64.ActiveCfg = Ad-Hoc|iPhone
		{B5CB3C27-CD10-4F75-B14A-D5B7D4293614}.Ad-Hoc|x64.Build.0 = Ad-Hoc|iPhone
		{B5CB3C27-CD10-4F75-B14A-D5B7D4293614}.Ad-Hoc|x64.Deploy.0 = Ad-Hoc|iPhone
		{B5CB3C27-CD10-4F75-B14A-D5B7D4293614}.Ad-Hoc|x86.ActiveCfg = Ad-Hoc|iPhone
		{B5CB3C27-CD10-4F75-B14A-D5B7D4293614}.Ad-Hoc|x86.Build.0 = Ad-Hoc|iPhone
		{B5CB3C27-CD10-4F75-B14A-D5B7D4293614}.Ad-Hoc|x86.Deploy.0 = Ad-Hoc|iPhone
		{B5CB3C27-CD10-4F75-B14A-D5B7D4293614}.AppStore|Any CPU.ActiveCfg = AppStore|iPhone
		{B5CB3C27-CD10-4F75-B14A-D5B7D4293614}.AppStore|Any CPU.Build.0 = AppStore|iPhone
		{B5CB3C27-CD10-4F75-B14A-D5B7D4293614}.AppStore|Any CPU.Deploy.0 = AppStore|iPhone
		{B5CB3C27-CD10-4F75-B14A-D5B7D4293614}.AppStore|ARM.ActiveCfg = AppStore|iPhone
		{B5CB3C27-CD10-4F75-B14A-D5B7D4293614}.AppStore|ARM.Build.0 = AppStore|iPhone
		{B5CB3C27-CD10-4F75-B14A-D5B7D4293614}.AppStore|ARM.Deploy.0 = AppStore|iPhone
		{B5CB3C27-CD10-4F75-B14A-D5B7D4293614}.AppStore|iPhone.ActiveCfg = AppStore|iPhone
		{B5CB3C27-CD10-4F75-B14A-D5B7D4293614}.AppStore|iPhone.Build.0 = AppStore|iPhone
		{B5CB3C27-CD10-4F75-B14A-D5B7D4293614}.AppStore|iPhone.Deploy.0 = AppStore|iPhone
		{B5CB3C27-CD10-4F75-B14A-D5B7D4293614}.AppStore|iPhoneSimulator.ActiveCfg = AppStore|iPhoneSimulator
		{B5CB3C27-CD10-4F75-B14A-D5B7D4293614}.AppStore|iPhoneSimulator.Build.0 = AppStore|iPhoneSimulator
		{B5CB3C27-CD10-4F75-B14A-D5B7D4293614}.AppStore|iPhoneSimulator.Deploy.0 = AppStore|iPhoneSimulator
		{B5CB3C27-CD10-4F75-B14A-D5B7D4293614}.AppStore|x64.ActiveCfg = AppStore|iPhone
		{B5CB3C27-CD10-4F75-B14A-D5B7D4293614}.AppStore|x64.Build.0 = AppStore|iPhone
		{B5CB3C27-CD10-4F75-B14A-D5B7D4293614}.AppStore|x64.Deploy.0 = AppStore|iPhone
		{B5CB3C27-CD10-4F75-B14A-D5B7D4293614}.AppStore|x86.ActiveCfg = AppStore|iPhone
		{B5CB3C27-CD10-4F75-B14A-D5B7D4293614}.AppStore|x86.Build.0 = AppStore|iPhone
		{B5CB3C27-CD10-4F75-B14A-D5B7D4293614}.AppStore|x86.Deploy.0 = AppStore|iPhone
		{B5CB3C27-CD10-4F75-B14A-D5B7D4293614}.Debug|Any CPU.ActiveCfg = Debug|iPhoneSimulator
		{B5CB3C27-CD10-4F75-B14A-D5B7D4293614}.Debug|Any CPU.Build.0 = Debug|iPhoneSimulator
		{B5CB3C27-CD10-4F75-B14A-D5B7D4293614}.Debug|Any CPU.Deploy.0 = Debug|iPhoneSimulator
		{B5CB3C27-CD10-4F75-B14A-D5B7D4293614}.Debug|ARM.ActiveCfg = Debug|iPhone
		{B5CB3C27-CD10-4F75-B14A-D5B7D4293614}.Debug|ARM.Build.0 = Debug|iPhone
		{B5CB3C27-CD10-4F75-B14A-D5B7D4293614}.Debug|ARM.Deploy.0 = Debug|iPhone
		{B5CB3C27-CD10-4F75-B14A-D5B7D4293614}.Debug|iPhone.ActiveCfg = Debug|iPhone
		{B5CB3C27-CD10-4F75-B14A-D5B7D4293614}.Debug|iPhone.Build.0 = Debug|iPhone
		{B5CB3C27-CD10-4F75-B14A-D5B7D4293614}.Debug|iPhone.Deploy.0 = Debug|iPhone
		{B5CB3C27-CD10-4F75-B14A-D5B7D4293614}.Debug|iPhoneSimulator.ActiveCfg = Debug|iPhoneSimulator
		{B5CB3C27-CD10-4F75-B14A-D5B7D4293614}.Debug|iPhoneSimulator.Build.0 = Debug|iPhoneSimulator
		{B5CB3C27-CD10-4F75-B14A-D5B7D4293614}.Debug|iPhoneSimulator.Deploy.0 = Debug|iPhoneSimulator
		{B5CB3C27-CD10-4F75-B14A-D5B7D4293614}.Debug|x64.ActiveCfg = Debug|iPhone
		{B5CB3C27-CD10-4F75-B14A-D5B7D4293614}.Debug|x64.Build.0 = Debug|iPhone
		{B5CB3C27-CD10-4F75-B14A-D5B7D4293614}.Debug|x64.Deploy.0 = Debug|iPhone
		{B5CB3C27-CD10-4F75-B14A-D5B7D4293614}.Debug|x86.ActiveCfg = Debug|iPhone
		{B5CB3C27-CD10-4F75-B14A-D5B7D4293614}.Debug|x86.Build.0 = Debug|iPhone
		{B5CB3C27-CD10-4F75-B14A-D5B7D4293614}.Debug|x86.Deploy.0 = Debug|iPhone
		{B5CB3C27-CD10-4F75-B14A-D5B7D4293614}.Release|Any CPU.ActiveCfg = Release|iPhone
		{B5CB3C27-CD10-4F75-B14A-D5B7D4293614}.Release|Any CPU.Build.0 = Release|iPhone
		{B5CB3C27-CD10-4F75-B14A-D5B7D4293614}.Release|Any CPU.Deploy.0 = Release|iPhone
		{B5CB3C27-CD10-4F75-B14A-D5B7D4293614}.Release|ARM.ActiveCfg = Release|iPhone
		{B5CB3C27-CD10-4F75-B14A-D5B7D4293614}.Release|ARM.Build.0 = Release|iPhone
		{B5CB3C27-CD10-4F75-B14A-D5B7D4293614}.Release|ARM.Deploy.0 = Release|iPhone
		{B5CB3C27-CD10-4F75-B14A-D5B7D4293614}.Release|iPhone.ActiveCfg = Release|iPhone
		{B5CB3C27-CD10-4F75-B14A-D5B7D4293614}.Release|iPhone.Build.0 = Release|iPhone
		{B5CB3C27-CD10-4F75-B14A-D5B7D4293614}.Release|iPhone.Deploy.0 = Release|iPhone
		{B5CB3C27-CD10-4F75-B14A-D5B7D4293614}.Release|iPhoneSimulator.ActiveCfg = Release|iPhoneSimulator
		{B5CB3C27-CD10-4F75-B14A-D5B7D4293614}.Release|iPhoneSimulator.Build.0 = Release|iPhoneSimulator
		{B5CB3C27-CD10-4F75-B14A-D5B7D4293614}.Release|iPhoneSimulator.Deploy.0 = Release|iPhoneSimulator
		{B5CB3C27-CD10-4F75-B14A-D5B7D4293614}.Release|x64.ActiveCfg = Release|iPhone
		{B5CB3C27-CD10-4F75-B14A-D5B7D4293614}.Release|x64.Build.0 = Release|iPhone
		{B5CB3C27-CD10-4F75-B14A-D5B7D4293614}.Release|x64.Deploy.0 = Release|iPhone
		{B5CB3C27-CD10-4F75-B14A-D5B7D4293614}.Release|x86.ActiveCfg = Release|iPhone
		{B5CB3C27-CD10-4F75-B14A-D5B7D4293614}.Release|x86.Build.0 = Release|iPhone
		{B5CB3C27-CD10-4F75-B14A-D5B7D4293614}.Release|x86.Deploy.0 = Release|iPhone
		{37B51413-B9D8-4668-A9FB-0C24441FE0A7}.Ad-Hoc|Any CPU.ActiveCfg = Release|x86
		{37B51413-B9D8-4668-A9FB-0C24441FE0A7}.Ad-Hoc|Any CPU.Build.0 = Release|x86
		{37B51413-B9D8-4668-A9FB-0C24441FE0A7}.Ad-Hoc|Any CPU.Deploy.0 = Release|x86
		{37B51413-B9D8-4668-A9FB-0C24441FE0A7}.Ad-Hoc|ARM.ActiveCfg = Release|ARM
		{37B51413-B9D8-4668-A9FB-0C24441FE0A7}.Ad-Hoc|ARM.Build.0 = Release|ARM
		{37B51413-B9D8-4668-A9FB-0C24441FE0A7}.Ad-Hoc|ARM.Deploy.0 = Release|ARM
		{37B51413-B9D8-4668-A9FB-0C24441FE0A7}.Ad-Hoc|iPhone.ActiveCfg = Release|x86
		{37B51413-B9D8-4668-A9FB-0C24441FE0A7}.Ad-Hoc|iPhone.Build.0 = Release|x86
		{37B51413-B9D8-4668-A9FB-0C24441FE0A7}.Ad-Hoc|iPhone.Deploy.0 = Release|x86
		{37B51413-B9D8-4668-A9FB-0C24441FE0A7}.Ad-Hoc|iPhoneSimulator.ActiveCfg = Release|x86
		{37B51413-B9D8-4668-A9FB-0C24441FE0A7}.Ad-Hoc|iPhoneSimulator.Build.0 = Release|x86
		{37B51413-B9D8-4668-A9FB-0C24441FE0A7}.Ad-Hoc|iPhoneSimulator.Deploy.0 = Release|x86
		{37B51413-B9D8-4668-A9FB-0C24441FE0A7}.Ad-Hoc|x64.ActiveCfg = Release|x64
		{37B51413-B9D8-4668-A9FB-0C24441FE0A7}.Ad-Hoc|x64.Build.0 = Release|x64
		{37B51413-B9D8-4668-A9FB-0C24441FE0A7}.Ad-Hoc|x64.Deploy.0 = Release|x64
		{37B51413-B9D8-4668-A9FB-0C24441FE0A7}.Ad-Hoc|x86.ActiveCfg = Release|x86
		{37B51413-B9D8-4668-A9FB-0C24441FE0A7}.Ad-Hoc|x86.Build.0 = Release|x86
		{37B51413-B9D8-4668-A9FB-0C24441FE0A7}.Ad-Hoc|x86.Deploy.0 = Release|x86
		{37B51413-B9D8-4668-A9FB-0C24441FE0A7}.AppStore|Any CPU.ActiveCfg = Release|x86
		{37B51413-B9D8-4668-A9FB-0C24441FE0A7}.AppStore|Any CPU.Build.0 = Release|x86
		{37B51413-B9D8-4668-A9FB-0C24441FE0A7}.AppStore|Any CPU.Deploy.0 = Release|x86
		{37B51413-B9D8-4668-A9FB-0C24441FE0A7}.AppStore|ARM.ActiveCfg = Release|ARM
		{37B51413-B9D8-4668-A9FB-0C24441FE0A7}.AppStore|ARM.Build.0 = Release|ARM
		{37B51413-B9D8-4668-A9FB-0C24441FE0A7}.AppStore|ARM.Deploy.0 = Release|ARM
		{37B51413-B9D8-4668-A9FB-0C24441FE0A7}.AppStore|iPhone.ActiveCfg = Release|x86
		{37B51413-B9D8-4668-A9FB-0C24441FE0A7}.AppStore|iPhone.Build.0 = Release|x86
		{37B51413-B9D8-4668-A9FB-0C24441FE0A7}.AppStore|iPhone.Deploy.0 = Release|x86
		{37B51413-B9D8-4668-A9FB-0C24441FE0A7}.AppStore|iPhoneSimulator.ActiveCfg = Release|x86
		{37B51413-B9D8-4668-A9FB-0C24441FE0A7}.AppStore|iPhoneSimulator.Build.0 = Release|x86
		{37B51413-B9D8-4668-A9FB-0C24441FE0A7}.AppStore|iPhoneSimulator.Deploy.0 = Release|x86
		{37B51413-B9D8-4668-A9FB-0C24441FE0A7}.AppStore|x64.ActiveCfg = Release|x64
		{37B51413-B9D8-4668-A9FB-0C24441FE0A7}.AppStore|x64.Build.0 = Release|x64
		{37B51413-B9D8-4668-A9FB-0C24441FE0A7}.AppStore|x64.Deploy.0 = Release|x64
		{37B51413-B9D8-4668-A9FB-0C24441FE0A7}.AppStore|x86.ActiveCfg = Release|x86
		{37B51413-B9D8-4668-A9FB-0C24441FE0A7}.AppStore|x86.Build.0 = Release|x86
		{37B51413-B9D8-4668-A9FB-0C24441FE0A7}.AppStore|x86.Deploy.0 = Release|x86
		{37B51413-B9D8-4668-A9FB-0C24441FE0A7}.Debug|Any CPU.ActiveCfg = Debug|x86
		{37B51413-B9D8-4668-A9FB-0C24441FE0A7}.Debug|Any CPU.Build.0 = Debug|x86
		{37B51413-B9D8-4668-A9FB-0C24441FE0A7}.Debug|Any CPU.Deploy.0 = Debug|x86
		{37B51413-B9D8-4668-A9FB-0C24441FE0A7}.Debug|ARM.ActiveCfg = Debug|ARM
		{37B51413-B9D8-4668-A9FB-0C24441FE0A7}.Debug|ARM.Build.0 = Debug|ARM
		{37B51413-B9D8-4668-A9FB-0C24441FE0A7}.Debug|ARM.Deploy.0 = Debug|ARM
		{37B51413-B9D8-4668-A9FB-0C24441FE0A7}.Debug|iPhone.ActiveCfg = Debug|x86
		{37B51413-B9D8-4668-A9FB-0C24441FE0A7}.Debug|iPhone.Build.0 = Debug|x86
		{37B51413-B9D8-4668-A9FB-0C24441FE0A7}.Debug|iPhone.Deploy.0 = Debug|x86
		{37B51413-B9D8-4668-A9FB-0C24441FE0A7}.Debug|iPhoneSimulator.ActiveCfg = Debug|x86
		{37B51413-B9D8-4668-A9FB-0C24441FE0A7}.Debug|iPhoneSimulator.Build.0 = Debug|x86
		{37B51413-B9D8-4668-A9FB-0C24441FE0A7}.Debug|iPhoneSimulator.Deploy.0 = Debug|x86
		{37B51413-B9D8-4668-A9FB-0C24441FE0A7}.Debug|x64.ActiveCfg = Debug|x64
		{37B51413-B9D8-4668-A9FB-0C24441FE0A7}.Debug|x64.Build.0 = Debug|x64
		{37B51413-B9D8-4668-A9FB-0C24441FE0A7}.Debug|x64.Deploy.0 = Debug|x64
		{37B51413-B9D8-4668-A9FB-0C24441FE0A7}.Debug|x86.ActiveCfg = Debug|x86
		{37B51413-B9D8-4668-A9FB-0C24441FE0A7}.Debug|x86.Build.0 = Debug|x86
		{37B51413-B9D8-4668-A9FB-0C24441FE0A7}.Debug|x86.Deploy.0 = Debug|x86
		{37B51413-B9D8-4668-A9FB-0C24441FE0A7}.Release|Any CPU.ActiveCfg = Release|x86
		{37B51413-B9D8-4668-A9FB-0C24441FE0A7}.Release|Any CPU.Build.0 = Release|x86
		{37B51413-B9D8-4668-A9FB-0C24441FE0A7}.Release|Any CPU.Deploy.0 = Release|x86
		{37B51413-B9D8-4668-A9FB-0C24441FE0A7}.Release|ARM.ActiveCfg = Release|ARM
		{37B51413-B9D8-4668-A9FB-0C24441FE0A7}.Release|ARM.Build.0 = Release|ARM
		{37B51413-B9D8-4668-A9FB-0C24441FE0A7}.Release|ARM.Deploy.0 = Release|ARM
		{37B51413-B9D8-4668-A9FB-0C24441FE0A7}.Release|iPhone.ActiveCfg = Release|x86
		{37B51413-B9D8-4668-A9FB-0C24441FE0A7}.Release|iPhone.Build.0 = Release|x86
		{37B51413-B9D8-4668-A9FB-0C24441FE0A7}.Release|iPhone.Deploy.0 = Release|x86
		{37B51413-B9D8-4668-A9FB-0C24441FE0A7}.Release|iPhoneSimulator.ActiveCfg = Release|x86
		{37B51413-B9D8-4668-A9FB-0C24441FE0A7}.Release|iPhoneSimulator.Build.0 = Release|x86
		{37B51413-B9D8-4668-A9FB-0C24441FE0A7}.Release|iPhoneSimulator.Deploy.0 = Release|x86
		{37B51413-B9D8-4668-A9FB-0C24441FE0A7}.Release|x64.ActiveCfg = Release|x64
		{37B51413-B9D8-4668-A9FB-0C24441FE0A7}.Release|x64.Build.0 = Release|x64
		{37B51413-B9D8-4668-A9FB-0C24441FE0A7}.Release|x64.Deploy.0 = Release|x64
		{37B51413-B9D8-4668-A9FB-0C24441FE0A7}.Release|x86.ActiveCfg = Release|x86
		{37B51413-B9D8-4668-A9FB-0C24441FE0A7}.Release|x86.Build.0 = Release|x86
		{37B51413-B9D8-4668-A9FB-0C24441FE0A7}.Release|x86.Deploy.0 = Release|x86
		{2F821F76-2B04-4B7F-A93E-71431C8F5EB1}.Ad-Hoc|Any CPU.ActiveCfg = Debug|Any CPU
		{2F821F76-2B04-4B7F-A93E-71431C8F5EB1}.Ad-Hoc|Any CPU.Build.0 = Debug|Any CPU
		{2F821F76-2B04-4B7F-A93E-71431C8F5EB1}.Ad-Hoc|Any CPU.Deploy.0 = Debug|Any CPU
		{2F821F76-2B04-4B7F-A93E-71431C8F5EB1}.Ad-Hoc|ARM.ActiveCfg = Debug|Any CPU
		{2F821F76-2B04-4B7F-A93E-71431C8F5EB1}.Ad-Hoc|ARM.Build.0 = Debug|Any CPU
		{2F821F76-2B04-4B7F-A93E-71431C8F5EB1}.Ad-Hoc|ARM.Deploy.0 = Debug|Any CPU
		{2F821F76-2B04-4B7F-A93E-71431C8F5EB1}.Ad-Hoc|iPhone.ActiveCfg = Debug|Any CPU
		{2F821F76-2B04-4B7F-A93E-71431C8F5EB1}.Ad-Hoc|iPhone.Build.0 = Debug|Any CPU
		{2F821F76-2B04-4B7F-A93E-71431C8F5EB1}.Ad-Hoc|iPhone.Deploy.0 = Debug|Any CPU
		{2F821F76-2B04-4B7F-A93E-71431C8F5EB1}.Ad-Hoc|iPhoneSimulator.ActiveCfg = Debug|Any CPU
		{2F821F76-2B04-4B7F-A93E-71431C8F5EB1}.Ad-Hoc|iPhoneSimulator.Build.0 = Debug|Any CPU
		{2F821F76-2B04-4B7F-A93E-71431C8F5EB1}.Ad-Hoc|iPhoneSimulator.Deploy.0 = Debug|Any CPU
		{2F821F76-2B04-4B7F-A93E-71431C8F5EB1}.Ad-Hoc|x64.ActiveCfg = Debug|Any CPU
		{2F821F76-2B04-4B7F-A93E-71431C8F5EB1}.Ad-Hoc|x64.Build.0 = Debug|Any CPU
		{2F821F76-2B04-4B7F-A93E-71431C8F5EB1}.Ad-Hoc|x64.Deploy.0 = Debug|Any CPU
		{2F821F76-2B04-4B7F-A93E-71431C8F5EB1}.Ad-Hoc|x86.ActiveCfg = Debug|Any CPU
		{2F821F76-2B04-4B7F-A93E-71431C8F5EB1}.Ad-Hoc|x86.Build.0 = Debug|Any CPU
		{2F821F76-2B04-4B7F-A93E-71431C8F5EB1}.Ad-Hoc|x86.Deploy.0 = Debug|Any CPU
		{2F821F76-2B04-4B7F-A93E-71431C8F5EB1}.AppStore|Any CPU.ActiveCfg = Debug|Any CPU
		{2F821F76-2B04-4B7F-A93E-71431C8F5EB1}.AppStore|Any CPU.Build.0 = Debug|Any CPU
		{2F821F76-2B04-4B7F-A93E-71431C8F5EB1}.AppStore|Any CPU.Deploy.0 = Debug|Any CPU
		{2F821F76-2B04-4B7F-A93E-71431C8F5EB1}.AppStore|ARM.ActiveCfg = Debug|Any CPU
		{2F821F76-2B04-4B7F-A93E-71431C8F5EB1}.AppStore|ARM.Build.0 = Debug|Any CPU
		{2F821F76-2B04-4B7F-A93E-71431C8F5EB1}.AppStore|ARM.Deploy.0 = Debug|Any CPU
		{2F821F76-2B04-4B7F-A93E-71431C8F5EB1}.AppStore|iPhone.ActiveCfg = Debug|Any CPU
		{2F821F76-2B04-4B7F-A93E-71431C8F5EB1}.AppStore|iPhone.Build.0 = Debug|Any CPU
		{2F821F76-2B04-4B7F-A93E-71431C8F5EB1}.AppStore|iPhone.Deploy.0 = Debug|Any CPU
		{2F821F76-2B04-4B7F-A93E-71431C8F5EB1}.AppStore|iPhoneSimulator.ActiveCfg = Debug|Any CPU
		{2F821F76-2B04-4B7F-A93E-71431C8F5EB1}.AppStore|iPhoneSimulator.Build.0 = Debug|Any CPU
		{2F821F76-2B04-4B7F-A93E-71431C8F5EB1}.AppStore|iPhoneSimulator.Deploy.0 = Debug|Any CPU
		{2F821F76-2B04-4B7F-A93E-71431C8F5EB1}.AppStore|x64.ActiveCfg = Debug|Any CPU
		{2F821F76-2B04-4B7F-A93E-71431C8F5EB1}.AppStore|x64.Build.0 = Debug|Any CPU
		{2F821F76-2B04-4B7F-A93E-71431C8F5EB1}.AppStore|x64.Deploy.0 = Debug|Any CPU
		{2F821F76-2B04-4B7F-A93E-71431C8F5EB1}.AppStore|x86.ActiveCfg = Debug|Any CPU
		{2F821F76-2B04-4B7F-A93E-71431C8F5EB1}.AppStore|x86.Build.0 = Debug|Any CPU
		{2F821F76-2B04-4B7F-A93E-71431C8F5EB1}.AppStore|x86.Deploy.0 = Debug|Any CPU
		{2F821F76-2B04-4B7F-A93E-71431C8F5EB1}.Debug|Any CPU.ActiveCfg = Debug|Any CPU
		{2F821F76-2B04-4B7F-A93E-71431C8F5EB1}.Debug|Any CPU.Build.0 = Debug|Any CPU
		{2F821F76-2B04-4B7F-A93E-71431C8F5EB1}.Debug|Any CPU.Deploy.0 = Debug|Any CPU
		{2F821F76-2B04-4B7F-A93E-71431C8F5EB1}.Debug|ARM.ActiveCfg = Debug|Any CPU
		{2F821F76-2B04-4B7F-A93E-71431C8F5EB1}.Debug|ARM.Build.0 = Debug|Any CPU
		{2F821F76-2B04-4B7F-A93E-71431C8F5EB1}.Debug|ARM.Deploy.0 = Debug|Any CPU
		{2F821F76-2B04-4B7F-A93E-71431C8F5EB1}.Debug|iPhone.ActiveCfg = Debug|Any CPU
		{2F821F76-2B04-4B7F-A93E-71431C8F5EB1}.Debug|iPhone.Build.0 = Debug|Any CPU
		{2F821F76-2B04-4B7F-A93E-71431C8F5EB1}.Debug|iPhone.Deploy.0 = Debug|Any CPU
		{2F821F76-2B04-4B7F-A93E-71431C8F5EB1}.Debug|iPhoneSimulator.ActiveCfg = Debug|Any CPU
		{2F821F76-2B04-4B7F-A93E-71431C8F5EB1}.Debug|iPhoneSimulator.Build.0 = Debug|Any CPU
		{2F821F76-2B04-4B7F-A93E-71431C8F5EB1}.Debug|iPhoneSimulator.Deploy.0 = Debug|Any CPU
		{2F821F76-2B04-4B7F-A93E-71431C8F5EB1}.Debug|x64.ActiveCfg = Debug|Any CPU
		{2F821F76-2B04-4B7F-A93E-71431C8F5EB1}.Debug|x64.Build.0 = Debug|Any CPU
		{2F821F76-2B04-4B7F-A93E-71431C8F5EB1}.Debug|x64.Deploy.0 = Debug|Any CPU
		{2F821F76-2B04-4B7F-A93E-71431C8F5EB1}.Debug|x86.ActiveCfg = Debug|Any CPU
		{2F821F76-2B04-4B7F-A93E-71431C8F5EB1}.Debug|x86.Build.0 = Debug|Any CPU
		{2F821F76-2B04-4B7F-A93E-71431C8F5EB1}.Debug|x86.Deploy.0 = Debug|Any CPU
		{2F821F76-2B04-4B7F-A93E-71431C8F5EB1}.Release|Any CPU.ActiveCfg = Release|Any CPU
		{2F821F76-2B04-4B7F-A93E-71431C8F5EB1}.Release|Any CPU.Build.0 = Release|Any CPU
		{2F821F76-2B04-4B7F-A93E-71431C8F5EB1}.Release|Any CPU.Deploy.0 = Release|Any CPU
		{2F821F76-2B04-4B7F-A93E-71431C8F5EB1}.Release|ARM.ActiveCfg = Release|Any CPU
		{2F821F76-2B04-4B7F-A93E-71431C8F5EB1}.Release|ARM.Build.0 = Release|Any CPU
		{2F821F76-2B04-4B7F-A93E-71431C8F5EB1}.Release|ARM.Deploy.0 = Release|Any CPU
		{2F821F76-2B04-4B7F-A93E-71431C8F5EB1}.Release|iPhone.ActiveCfg = Release|Any CPU
		{2F821F76-2B04-4B7F-A93E-71431C8F5EB1}.Release|iPhone.Build.0 = Release|Any CPU
		{2F821F76-2B04-4B7F-A93E-71431C8F5EB1}.Release|iPhone.Deploy.0 = Release|Any CPU
		{2F821F76-2B04-4B7F-A93E-71431C8F5EB1}.Release|iPhoneSimulator.ActiveCfg = Release|Any CPU
		{2F821F76-2B04-4B7F-A93E-71431C8F5EB1}.Release|iPhoneSimulator.Build.0 = Release|Any CPU
		{2F821F76-2B04-4B7F-A93E-71431C8F5EB1}.Release|iPhoneSimulator.Deploy.0 = Release|Any CPU
		{2F821F76-2B04-4B7F-A93E-71431C8F5EB1}.Release|x64.ActiveCfg = Release|Any CPU
		{2F821F76-2B04-4B7F-A93E-71431C8F5EB1}.Release|x64.Build.0 = Release|Any CPU
		{2F821F76-2B04-4B7F-A93E-71431C8F5EB1}.Release|x64.Deploy.0 = Release|Any CPU
		{2F821F76-2B04-4B7F-A93E-71431C8F5EB1}.Release|x86.ActiveCfg = Release|Any CPU
		{2F821F76-2B04-4B7F-A93E-71431C8F5EB1}.Release|x86.Build.0 = Release|Any CPU
		{2F821F76-2B04-4B7F-A93E-71431C8F5EB1}.Release|x86.Deploy.0 = Release|Any CPU
	EndGlobalSection
	GlobalSection(SolutionProperties) = preSolution
		HideSolutionNode = FALSE
	EndGlobalSection
	GlobalSection(ExtensibilityGlobals) = postSolution
		SolutionGuid = {89E31C0C-FCDC-4C03-AB2E-7BC09B968A0C}
	EndGlobalSection
EndGlobal
